
Microsoft Visual Studio Solution File, Format Version 12.00
# Visual Studio Version 16
VisualStudioVersion = 16.0.31229.75
MinimumVisualStudioVersion = 10.0.40219.1
Project("{FAE04EC0-301F-11D3-BF4B-00C04F79EFBC}") = "Counter", "Counter\Counter.csproj", "{7A2E50AC-0314-4A4C-B185-E3C761738D48}"
EndProject
Global
	GlobalSection(SolutionConfigurationPlatforms) = preSolution
		Debug|Any CPU = Debug|Any CPU
		Release|Any CPU = Release|Any CPU
	EndGlobalSection
	GlobalSection(ProjectConfigurationPlatforms) = postSolution
		{7A2E50AC-0314-4A4C-B185-E3C761738D48}.Debug|Any CPU.ActiveCfg = Debug|Any CPU
		{7A2E50AC-0314-4A4C-B185-E3C761738D48}.Debug|Any CPU.Build.0 = Debug|Any CPU
		{7A2E50AC-0314-4A4C-B185-E3C761738D48}.Release|Any CPU.ActiveCfg = Release|Any CPU
		{7A2E50AC-0314-4A4C-B185-E3C761738D48}.Release|Any CPU.Build.0 = Release|Any CPU
	EndGlobalSection
	GlobalSection(SolutionProperties) = preSolution
		HideSolutionNode = FALSE
	EndGlobalSection
	GlobalSection(ExtensibilityGlobals) = postSolution
		SolutionGuid = {37B26972-BEDA-47C8-9A5A-36851C1280E2}
	EndGlobalSection
EndGlobal
